
Microsoft Visual Studio Solution File, Format Version 12.00
# Visual Studio 15
VisualStudioVersion = 15.0.26014.0
MinimumVisualStudioVersion = 10.0.40219.1
Project("{2150E333-8FDC-42A3-9474-1A3956D46DE8}") = "Solution Items", "Solution Items", "{5408FFD6-4142-40D9-8B0C-EFDEBCA99451}"
	ProjectSection(SolutionItems) = preProject
		decent.minecraft.png = decent.minecraft.png
		favicon.ico = favicon.ico
		LICENSE = LICENSE
		README.md = README.md
	EndProjectSection
EndProject
Project("{2150E333-8FDC-42A3-9474-1A3956D46DE8}") = "Samples", "Samples", "{5F2CAA48-2C86-496C-9293-D706C853BB95}"
EndProject
Project("{9A19103F-16F7-4668-BE54-9A1E7A4F7556}") = "Decent.Minecraft.Client", "Decent.Minecraft.Client\Decent.Minecraft.Client.csproj", "{45599C5F-7A14-48F5-A237-4A07C0040D59}"
EndProject
Project("{9A19103F-16F7-4668-BE54-9A1E7A4F7556}") = "Decent.Minecraft.Client.Test", "Decent.Minecraft.Client.Test\Decent.Minecraft.Client.Test.csproj", "{D645F3F4-82EA-424B-B867-53A77524ED00}"
EndProject
Project("{9A19103F-16F7-4668-BE54-9A1E7A4F7556}") = "Decent.Minecraft.Benchmark", "samples\Decent.Minecraft.Benchmark\Decent.Minecraft.Benchmark.csproj", "{F8CE0A0D-5176-4488-9685-E93EB4CD448E}"
EndProject
Project("{9A19103F-16F7-4668-BE54-9A1E7A4F7556}") = "Decent.Minecraft.BlocksToBombs", "samples\Decent.Minecraft.BlocksToBombs\Decent.Minecraft.BlocksToBombs.csproj", "{6E4B3FA1-B31D-4450-8A17-FF7BC2498004}"
EndProject
Project("{9A19103F-16F7-4668-BE54-9A1E7A4F7556}") = "Decent.Minecraft.Shapes", "samples\Decent.Minecraft.Shapes\Decent.Minecraft.Shapes.csproj", "{00176B40-C44E-4A0C-84FB-8D0A144A2528}"
EndProject
Project("{9A19103F-16F7-4668-BE54-9A1E7A4F7556}") = "Decent.Minecraft.Scratch", "samples\Decent.Minecraft.Scratch\Decent.Minecraft.Scratch.csproj", "{38D4F429-FABD-45BB-8D6B-80BF6D236140}"
EndProject
Project("{9A19103F-16F7-4668-BE54-9A1E7A4F7556}") = "Decent.Minecraft.ImageBuilder", "samples\Decent.Minecraft.ImageBuilder\Decent.Minecraft.ImageBuilder.csproj", "{9B46A4A1-CB3D-41EA-8B77-F1629BC29417}"
EndProject
Global
	GlobalSection(SolutionConfigurationPlatforms) = preSolution
		Debug|Any CPU = Debug|Any CPU
		Debug|x64 = Debug|x64
		Debug|x86 = Debug|x86
		Release|Any CPU = Release|Any CPU
		Release|x64 = Release|x64
		Release|x86 = Release|x86
	EndGlobalSection
	GlobalSection(ProjectConfigurationPlatforms) = postSolution
		{45599C5F-7A14-48F5-A237-4A07C0040D59}.Debug|Any CPU.ActiveCfg = Debug|Any CPU
		{45599C5F-7A14-48F5-A237-4A07C0040D59}.Debug|Any CPU.Build.0 = Debug|Any CPU
		{45599C5F-7A14-48F5-A237-4A07C0040D59}.Debug|x64.ActiveCfg = Debug|x64
		{45599C5F-7A14-48F5-A237-4A07C0040D59}.Debug|x64.Build.0 = Debug|x64
		{45599C5F-7A14-48F5-A237-4A07C0040D59}.Debug|x86.ActiveCfg = Debug|x86
		{45599C5F-7A14-48F5-A237-4A07C0040D59}.Debug|x86.Build.0 = Debug|x86
		{45599C5F-7A14-48F5-A237-4A07C0040D59}.Release|Any CPU.ActiveCfg = Release|Any CPU
		{45599C5F-7A14-48F5-A237-4A07C0040D59}.Release|Any CPU.Build.0 = Release|Any CPU
		{45599C5F-7A14-48F5-A237-4A07C0040D59}.Release|x64.ActiveCfg = Release|x64
		{45599C5F-7A14-48F5-A237-4A07C0040D59}.Release|x64.Build.0 = Release|x64
		{45599C5F-7A14-48F5-A237-4A07C0040D59}.Release|x86.ActiveCfg = Release|x86
		{45599C5F-7A14-48F5-A237-4A07C0040D59}.Release|x86.Build.0 = Release|x86
		{D645F3F4-82EA-424B-B867-53A77524ED00}.Debug|Any CPU.ActiveCfg = Debug|Any CPU
		{D645F3F4-82EA-424B-B867-53A77524ED00}.Debug|Any CPU.Build.0 = Debug|Any CPU
		{D645F3F4-82EA-424B-B867-53A77524ED00}.Debug|x64.ActiveCfg = Debug|x64
		{D645F3F4-82EA-424B-B867-53A77524ED00}.Debug|x64.Build.0 = Debug|x64
		{D645F3F4-82EA-424B-B867-53A77524ED00}.Debug|x86.ActiveCfg = Debug|x86
		{D645F3F4-82EA-424B-B867-53A77524ED00}.Debug|x86.Build.0 = Debug|x86
		{D645F3F4-82EA-424B-B867-53A77524ED00}.Release|Any CPU.ActiveCfg = Release|Any CPU
		{D645F3F4-82EA-424B-B867-53A77524ED00}.Release|Any CPU.Build.0 = Release|Any CPU
		{D645F3F4-82EA-424B-B867-53A77524ED00}.Release|x64.ActiveCfg = Release|x64
		{D645F3F4-82EA-424B-B867-53A77524ED00}.Release|x64.Build.0 = Release|x64
		{D645F3F4-82EA-424B-B867-53A77524ED00}.Release|x86.ActiveCfg = Release|x86
		{D645F3F4-82EA-424B-B867-53A77524ED00}.Release|x86.Build.0 = Release|x86
		{F8CE0A0D-5176-4488-9685-E93EB4CD448E}.Debug|Any CPU.ActiveCfg = Debug|Any CPU
		{F8CE0A0D-5176-4488-9685-E93EB4CD448E}.Debug|Any CPU.Build.0 = Debug|Any CPU
		{F8CE0A0D-5176-4488-9685-E93EB4CD448E}.Debug|x64.ActiveCfg = Debug|x64
		{F8CE0A0D-5176-4488-9685-E93EB4CD448E}.Debug|x64.Build.0 = Debug|x64
		{F8CE0A0D-5176-4488-9685-E93EB4CD448E}.Debug|x86.ActiveCfg = Debug|x86
		{F8CE0A0D-5176-4488-9685-E93EB4CD448E}.Debug|x86.Build.0 = Debug|x86
		{F8CE0A0D-5176-4488-9685-E93EB4CD448E}.Release|Any CPU.ActiveCfg = Release|Any CPU
		{F8CE0A0D-5176-4488-9685-E93EB4CD448E}.Release|Any CPU.Build.0 = Release|Any CPU
		{F8CE0A0D-5176-4488-9685-E93EB4CD448E}.Release|x64.ActiveCfg = Release|x64
		{F8CE0A0D-5176-4488-9685-E93EB4CD448E}.Release|x64.Build.0 = Release|x64
		{F8CE0A0D-5176-4488-9685-E93EB4CD448E}.Release|x86.ActiveCfg = Release|x86
		{F8CE0A0D-5176-4488-9685-E93EB4CD448E}.Release|x86.Build.0 = Release|x86
		{6E4B3FA1-B31D-4450-8A17-FF7BC2498004}.Debug|Any CPU.ActiveCfg = Debug|Any CPU
		{6E4B3FA1-B31D-4450-8A17-FF7BC2498004}.Debug|Any CPU.Build.0 = Debug|Any CPU
		{6E4B3FA1-B31D-4450-8A17-FF7BC2498004}.Debug|x64.ActiveCfg = Debug|x64
		{6E4B3FA1-B31D-4450-8A17-FF7BC2498004}.Debug|x64.Build.0 = Debug|x64
		{6E4B3FA1-B31D-4450-8A17-FF7BC2498004}.Debug|x86.ActiveCfg = Debug|x86
		{6E4B3FA1-B31D-4450-8A17-FF7BC2498004}.Debug|x86.Build.0 = Debug|x86
		{6E4B3FA1-B31D-4450-8A17-FF7BC2498004}.Release|Any CPU.ActiveCfg = Release|Any CPU
		{6E4B3FA1-B31D-4450-8A17-FF7BC2498004}.Release|Any CPU.Build.0 = Release|Any CPU
		{6E4B3FA1-B31D-4450-8A17-FF7BC2498004}.Release|x64.ActiveCfg = Release|x64
		{6E4B3FA1-B31D-4450-8A17-FF7BC2498004}.Release|x64.Build.0 = Release|x64
		{6E4B3FA1-B31D-4450-8A17-FF7BC2498004}.Release|x86.ActiveCfg = Release|x86
		{6E4B3FA1-B31D-4450-8A17-FF7BC2498004}.Release|x86.Build.0 = Release|x86
		{00176B40-C44E-4A0C-84FB-8D0A144A2528}.Debug|Any CPU.ActiveCfg = Debug|Any CPU
		{00176B40-C44E-4A0C-84FB-8D0A144A2528}.Debug|Any CPU.Build.0 = Debug|Any CPU
		{00176B40-C44E-4A0C-84FB-8D0A144A2528}.Debug|x64.ActiveCfg = Debug|x64
		{00176B40-C44E-4A0C-84FB-8D0A144A2528}.Debug|x64.Build.0 = Debug|x64
		{00176B40-C44E-4A0C-84FB-8D0A144A2528}.Debug|x86.ActiveCfg = Debug|x86
		{00176B40-C44E-4A0C-84FB-8D0A144A2528}.Debug|x86.Build.0 = Debug|x86
		{00176B40-C44E-4A0C-84FB-8D0A144A2528}.Release|Any CPU.ActiveCfg = Release|Any CPU
		{00176B40-C44E-4A0C-84FB-8D0A144A2528}.Release|Any CPU.Build.0 = Release|Any CPU
		{00176B40-C44E-4A0C-84FB-8D0A144A2528}.Release|x64.ActiveCfg = Release|x64
		{00176B40-C44E-4A0C-84FB-8D0A144A2528}.Release|x64.Build.0 = Release|x64
		{00176B40-C44E-4A0C-84FB-8D0A144A2528}.Release|x86.ActiveCfg = Release|x86
		{00176B40-C44E-4A0C-84FB-8D0A144A2528}.Release|x86.Build.0 = Release|x86
		{38D4F429-FABD-45BB-8D6B-80BF6D236140}.Debug|Any CPU.ActiveCfg = Debug|Any CPU
		{38D4F429-FABD-45BB-8D6B-80BF6D236140}.Debug|Any CPU.Build.0 = Debug|Any CPU
		{38D4F429-FABD-45BB-8D6B-80BF6D236140}.Debug|x64.ActiveCfg = Debug|x64
		{38D4F429-FABD-45BB-8D6B-80BF6D236140}.Debug|x64.Build.0 = Debug|x64
		{38D4F429-FABD-45BB-8D6B-80BF6D236140}.Debug|x86.ActiveCfg = Debug|x86
		{38D4F429-FABD-45BB-8D6B-80BF6D236140}.Debug|x86.Build.0 = Debug|x86
		{38D4F429-FABD-45BB-8D6B-80BF6D236140}.Release|Any CPU.ActiveCfg = Release|Any CPU
		{38D4F429-FABD-45BB-8D6B-80BF6D236140}.Release|Any CPU.Build.0 = Release|Any CPU
		{38D4F429-FABD-45BB-8D6B-80BF6D236140}.Release|x64.ActiveCfg = Release|x64
		{38D4F429-FABD-45BB-8D6B-80BF6D236140}.Release|x64.Build.0 = Release|x64
		{38D4F429-FABD-45BB-8D6B-80BF6D236140}.Release|x86.ActiveCfg = Release|x86
		{38D4F429-FABD-45BB-8D6B-80BF6D236140}.Release|x86.Build.0 = Release|x86
		{9B46A4A1-CB3D-41EA-8B77-F1629BC29417}.Debug|Any CPU.ActiveCfg = Debug|Any CPU
		{9B46A4A1-CB3D-41EA-8B77-F1629BC29417}.Debug|Any CPU.Build.0 = Debug|Any CPU
		{9B46A4A1-CB3D-41EA-8B77-F1629BC29417}.Debug|x64.ActiveCfg = Debug|x64
		{9B46A4A1-CB3D-41EA-8B77-F1629BC29417}.Debug|x64.Build.0 = Debug|x64
		{9B46A4A1-CB3D-41EA-8B77-F1629BC29417}.Debug|x86.ActiveCfg = Debug|x86
		{9B46A4A1-CB3D-41EA-8B77-F1629BC29417}.Debug|x86.Build.0 = Debug|x86
		{9B46A4A1-CB3D-41EA-8B77-F1629BC29417}.Release|Any CPU.ActiveCfg = Release|Any CPU
		{9B46A4A1-CB3D-41EA-8B77-F1629BC29417}.Release|Any CPU.Build.0 = Release|Any CPU
		{9B46A4A1-CB3D-41EA-8B77-F1629BC29417}.Release|x64.ActiveCfg = Release|x64
		{9B46A4A1-CB3D-41EA-8B77-F1629BC29417}.Release|x64.Build.0 = Release|x64
		{9B46A4A1-CB3D-41EA-8B77-F1629BC29417}.Release|x86.ActiveCfg = Release|x86
		{9B46A4A1-CB3D-41EA-8B77-F1629BC29417}.Release|x86.Build.0 = Release|x86
	EndGlobalSection
	GlobalSection(SolutionProperties) = preSolution
		HideSolutionNode = FALSE
	EndGlobalSection
	GlobalSection(NestedProjects) = preSolution
		{F8CE0A0D-5176-4488-9685-E93EB4CD448E} = {5F2CAA48-2C86-496C-9293-D706C853BB95}
		{6E4B3FA1-B31D-4450-8A17-FF7BC2498004} = {5F2CAA48-2C86-496C-9293-D706C853BB95}
		{00176B40-C44E-4A0C-84FB-8D0A144A2528} = {5F2CAA48-2C86-496C-9293-D706C853BB95}
		{38D4F429-FABD-45BB-8D6B-80BF6D236140} = {5F2CAA48-2C86-496C-9293-D706C853BB95}
		{9B46A4A1-CB3D-41EA-8B77-F1629BC29417} = {5F2CAA48-2C86-496C-9293-D706C853BB95}
	EndGlobalSection
EndGlobal
