
Microsoft Visual Studio Solution File, Format Version 12.00
# Visual Studio 14
VisualStudioVersion = 14.0.25420.1
MinimumVisualStudioVersion = 10.0.40219.1
Project("{8BB2217D-0F2D-49D1-97BC-3654ED321F3B}") = "Decent.Minecraft.Client", "Minecraft.Client\Decent.Minecraft.Client.xproj", "{C40516BD-8D8B-463D-824E-7202A2AA829A}"
EndProject
Project("{8BB2217D-0F2D-49D1-97BC-3654ED321F3B}") = "Decent.Minecraft.Scratch", "Minecraft.Scratch\Decent.Minecraft.Scratch.xproj", "{51D9F069-0699-43D3-8AA3-F7538D3B3F20}"
EndProject
Project("{8BB2217D-0F2D-49D1-97BC-3654ED321F3B}") = "Decent.Minecraft.Client.Test", "Minecraft.Client.Test\Decent.Minecraft.Client.Test.xproj", "{ABA3035B-2E87-4C5B-ABF8-EF77958FF316}"
EndProject
Project("{2150E333-8FDC-42A3-9474-1A3956D46DE8}") = "Solution Items", "Solution Items", "{5408FFD6-4142-40D9-8B0C-EFDEBCA99451}"
	ProjectSection(SolutionItems) = preProject
		decent.minecraft.png = decent.minecraft.png
		LICENSE = LICENSE
		README.md = README.md
	EndProjectSection
EndProject
Global
	GlobalSection(SolutionConfigurationPlatforms) = preSolution
		Debug|Any CPU = Debug|Any CPU
		Release|Any CPU = Release|Any CPU
	EndGlobalSection
	GlobalSection(ProjectConfigurationPlatforms) = postSolution
		{C40516BD-8D8B-463D-824E-7202A2AA829A}.Debug|Any CPU.ActiveCfg = Debug|Any CPU
		{C40516BD-8D8B-463D-824E-7202A2AA829A}.Debug|Any CPU.Build.0 = Debug|Any CPU
		{C40516BD-8D8B-463D-824E-7202A2AA829A}.Release|Any CPU.ActiveCfg = Release|Any CPU
		{C40516BD-8D8B-463D-824E-7202A2AA829A}.Release|Any CPU.Build.0 = Release|Any CPU
		{51D9F069-0699-43D3-8AA3-F7538D3B3F20}.Debug|Any CPU.ActiveCfg = Debug|Any CPU
		{51D9F069-0699-43D3-8AA3-F7538D3B3F20}.Debug|Any CPU.Build.0 = Debug|Any CPU
		{51D9F069-0699-43D3-8AA3-F7538D3B3F20}.Release|Any CPU.ActiveCfg = Release|Any CPU
		{51D9F069-0699-43D3-8AA3-F7538D3B3F20}.Release|Any CPU.Build.0 = Release|Any CPU
		{ABA3035B-2E87-4C5B-ABF8-EF77958FF316}.Debug|Any CPU.ActiveCfg = Debug|Any CPU
		{ABA3035B-2E87-4C5B-ABF8-EF77958FF316}.Debug|Any CPU.Build.0 = Debug|Any CPU
		{ABA3035B-2E87-4C5B-ABF8-EF77958FF316}.Release|Any CPU.ActiveCfg = Release|Any CPU
		{ABA3035B-2E87-4C5B-ABF8-EF77958FF316}.Release|Any CPU.Build.0 = Release|Any CPU
	EndGlobalSection
	GlobalSection(SolutionProperties) = preSolution
		HideSolutionNode = FALSE
	EndGlobalSection
EndGlobal
