
Microsoft Visual Studio Solution File, Format Version 12.00
# Visual Studio 14
VisualStudioVersion = 14.0.25420.1
MinimumVisualStudioVersion = 10.0.40219.1
Project("{8BB2217D-0F2D-49D1-97BC-3654ED321F3B}") = "Decent.Minecraft.Client", "Decent.Minecraft.Client\Decent.Minecraft.Client.xproj", "{C40516BD-8D8B-463D-824E-7202A2AA829A}"
EndProject
Project("{8BB2217D-0F2D-49D1-97BC-3654ED321F3B}") = "Decent.Minecraft.Client.Test", "Decent.Minecraft.Client.Test\Decent.Minecraft.Client.Test.xproj", "{ABA3035B-2E87-4C5B-ABF8-EF77958FF316}"
EndProject
Project("{2150E333-8FDC-42A3-9474-1A3956D46DE8}") = "Solution Items", "Solution Items", "{5408FFD6-4142-40D9-8B0C-EFDEBCA99451}"
	ProjectSection(SolutionItems) = preProject
		decent.minecraft.png = decent.minecraft.png
		LICENSE = LICENSE
		README.md = README.md
	EndProjectSection
EndProject
Project("{8BB2217D-0F2D-49D1-97BC-3654ED321F3B}") = "Decent.Minecraft.ImageBuilder", "samples\Decent.Minecraft.ImageBuilder\Decent.Minecraft.ImageBuilder.xproj", "{8BBF5D89-E92A-40AF-92A7-B15E94024D26}"
EndProject
Project("{2150E333-8FDC-42A3-9474-1A3956D46DE8}") = "Samples", "Samples", "{5F2CAA48-2C86-496C-9293-D706C853BB95}"
EndProject
Project("{8BB2217D-0F2D-49D1-97BC-3654ED321F3B}") = "Decent.Minecraft.Scratch", "samples\Decent.Minecraft.Scratch\Decent.Minecraft.Scratch.xproj", "{51D9F069-0699-43D3-8AA3-F7538D3B3F20}"
EndProject
Project("{8BB2217D-0F2D-49D1-97BC-3654ED321F3B}") = "Decent.Minecraft.Castle", "samples\Decent.Minecraft.Castle\Decent.Minecraft.Castle.xproj", "{71EE233E-2C12-4CB0-9C37-036DB072BC27}"
EndProject
Global
	GlobalSection(SolutionConfigurationPlatforms) = preSolution
		Debug|Any CPU = Debug|Any CPU
		Release|Any CPU = Release|Any CPU
	EndGlobalSection
	GlobalSection(ProjectConfigurationPlatforms) = postSolution
		{C40516BD-8D8B-463D-824E-7202A2AA829A}.Debug|Any CPU.ActiveCfg = Debug|Any CPU
		{C40516BD-8D8B-463D-824E-7202A2AA829A}.Debug|Any CPU.Build.0 = Debug|Any CPU
		{C40516BD-8D8B-463D-824E-7202A2AA829A}.Release|Any CPU.ActiveCfg = Release|Any CPU
		{C40516BD-8D8B-463D-824E-7202A2AA829A}.Release|Any CPU.Build.0 = Release|Any CPU
		{ABA3035B-2E87-4C5B-ABF8-EF77958FF316}.Debug|Any CPU.ActiveCfg = Debug|Any CPU
		{ABA3035B-2E87-4C5B-ABF8-EF77958FF316}.Debug|Any CPU.Build.0 = Debug|Any CPU
		{ABA3035B-2E87-4C5B-ABF8-EF77958FF316}.Release|Any CPU.ActiveCfg = Release|Any CPU
		{ABA3035B-2E87-4C5B-ABF8-EF77958FF316}.Release|Any CPU.Build.0 = Release|Any CPU
		{8BBF5D89-E92A-40AF-92A7-B15E94024D26}.Debug|Any CPU.ActiveCfg = Debug|Any CPU
		{8BBF5D89-E92A-40AF-92A7-B15E94024D26}.Debug|Any CPU.Build.0 = Debug|Any CPU
		{8BBF5D89-E92A-40AF-92A7-B15E94024D26}.Release|Any CPU.ActiveCfg = Release|Any CPU
		{8BBF5D89-E92A-40AF-92A7-B15E94024D26}.Release|Any CPU.Build.0 = Release|Any CPU
		{51D9F069-0699-43D3-8AA3-F7538D3B3F20}.Debug|Any CPU.ActiveCfg = Debug|Any CPU
		{51D9F069-0699-43D3-8AA3-F7538D3B3F20}.Debug|Any CPU.Build.0 = Debug|Any CPU
		{51D9F069-0699-43D3-8AA3-F7538D3B3F20}.Release|Any CPU.ActiveCfg = Release|Any CPU
		{51D9F069-0699-43D3-8AA3-F7538D3B3F20}.Release|Any CPU.Build.0 = Release|Any CPU
		{71EE233E-2C12-4CB0-9C37-036DB072BC27}.Debug|Any CPU.ActiveCfg = Debug|Any CPU
		{71EE233E-2C12-4CB0-9C37-036DB072BC27}.Debug|Any CPU.Build.0 = Debug|Any CPU
		{71EE233E-2C12-4CB0-9C37-036DB072BC27}.Release|Any CPU.ActiveCfg = Release|Any CPU
		{71EE233E-2C12-4CB0-9C37-036DB072BC27}.Release|Any CPU.Build.0 = Release|Any CPU
	EndGlobalSection
	GlobalSection(SolutionProperties) = preSolution
		HideSolutionNode = FALSE
	EndGlobalSection
	GlobalSection(NestedProjects) = preSolution
		{8BBF5D89-E92A-40AF-92A7-B15E94024D26} = {5F2CAA48-2C86-496C-9293-D706C853BB95}
		{51D9F069-0699-43D3-8AA3-F7538D3B3F20} = {5F2CAA48-2C86-496C-9293-D706C853BB95}
		{71EE233E-2C12-4CB0-9C37-036DB072BC27} = {5F2CAA48-2C86-496C-9293-D706C853BB95}
	EndGlobalSection
EndGlobal
